// !$*UTF8*$!
{
	archiveVersion = 1;
	classes = {
	};
	objectVersion = 46;
	objects = {

/* Begin PBXBuildFile section */
		027F85CD1DE3D3E5001873D0 /* main.m in Sources */ = {isa = PBXBuildFile; fileRef = 027F85CC1DE3D3E5001873D0 /* main.m */; };
		027F85D01DE3D3E5001873D0 /* AppDelegate.m in Sources */ = {isa = PBXBuildFile; fileRef = 027F85CF1DE3D3E5001873D0 /* AppDelegate.m */; };
		027F85D31DE3D3E5001873D0 /* ViewController.m in Sources */ = {isa = PBXBuildFile; fileRef = 027F85D21DE3D3E5001873D0 /* ViewController.m */; };
		027F85D61DE3D3E5001873D0 /* Main.storyboard in Resources */ = {isa = PBXBuildFile; fileRef = 027F85D41DE3D3E5001873D0 /* Main.storyboard */; };
		027F85D81DE3D3E5001873D0 /* Assets.xcassets in Resources */ = {isa = PBXBuildFile; fileRef = 027F85D71DE3D3E5001873D0 /* Assets.xcassets */; };
		027F85DB1DE3D3E5001873D0 /* LaunchScreen.storyboard in Resources */ = {isa = PBXBuildFile; fileRef = 027F85D91DE3D3E5001873D0 /* LaunchScreen.storyboard */; };
		027F85E61DE3D3E5001873D0 /* AddressBookTests.m in Sources */ = {isa = PBXBuildFile; fileRef = 027F85E51DE3D3E5001873D0 /* AddressBookTests.m */; };
		027F85F11DE3D3E5001873D0 /* AddressBookUITests.m in Sources */ = {isa = PBXBuildFile; fileRef = 027F85F01DE3D3E5001873D0 /* AddressBookUITests.m */; };
/* End PBXBuildFile section */

/* Begin PBXContainerItemProxy section */
		027F85E21DE3D3E5001873D0 /* PBXContainerItemProxy */ = {
			isa = PBXContainerItemProxy;
			containerPortal = 027F85C01DE3D3E4001873D0 /* Project object */;
			proxyType = 1;
			remoteGlobalIDString = 027F85C71DE3D3E5001873D0;
			remoteInfo = AddressBook;
		};
		027F85ED1DE3D3E5001873D0 /* PBXContainerItemProxy */ = {
			isa = PBXContainerItemProxy;
			containerPortal = 027F85C01DE3D3E4001873D0 /* Project object */;
			proxyType = 1;
			remoteGlobalIDString = 027F85C71DE3D3E5001873D0;
			remoteInfo = AddressBook;
		};
/* End PBXContainerItemProxy section */

/* Begin PBXFileReference section */
		027F85C81DE3D3E5001873D0 /* AddressBook.app */ = {isa = PBXFileReference; explicitFileType = wrapper.application; includeInIndex = 0; path = AddressBook.app; sourceTree = BUILT_PRODUCTS_DIR; };
		027F85CC1DE3D3E5001873D0 /* main.m */ = {isa = PBXFileReference; lastKnownFileType = sourcecode.c.objc; path = main.m; sourceTree = "<group>"; };
		027F85CE1DE3D3E5001873D0 /* AppDelegate.h */ = {isa = PBXFileReference; lastKnownFileType = sourcecode.c.h; path = AppDelegate.h; sourceTree = "<group>"; };
		027F85CF1DE3D3E5001873D0 /* AppDelegate.m */ = {isa = PBXFileReference; lastKnownFileType = sourcecode.c.objc; path = AppDelegate.m; sourceTree = "<group>"; };
		027F85D11DE3D3E5001873D0 /* ViewController.h */ = {isa = PBXFileReference; lastKnownFileType = sourcecode.c.h; path = ViewController.h; sourceTree = "<group>"; };
		027F85D21DE3D3E5001873D0 /* ViewController.m */ = {isa = PBXFileReference; lastKnownFileType = sourcecode.c.objc; path = ViewController.m; sourceTree = "<group>"; };
		027F85D51DE3D3E5001873D0 /* Base */ = {isa = PBXFileReference; lastKnownFileType = file.storyboard; name = Base; path = Base.lproj/Main.storyboard; sourceTree = "<group>"; };
		027F85D71DE3D3E5001873D0 /* Assets.xcassets */ = {isa = PBXFileReference; lastKnownFileType = folder.assetcatalog; path = Assets.xcassets; sourceTree = "<group>"; };
		027F85DA1DE3D3E5001873D0 /* Base */ = {isa = PBXFileReference; lastKnownFileType = file.storyboard; name = Base; path = Base.lproj/LaunchScreen.storyboard; sourceTree = "<group>"; };
		027F85DC1DE3D3E5001873D0 /* Info.plist */ = {isa = PBXFileReference; lastKnownFileType = text.plist.xml; path = Info.plist; sourceTree = "<group>"; };
		027F85E11DE3D3E5001873D0 /* AddressBookTests.xctest */ = {isa = PBXFileReference; explicitFileType = wrapper.cfbundle; includeInIndex = 0; path = AddressBookTests.xctest; sourceTree = BUILT_PRODUCTS_DIR; };
		027F85E51DE3D3E5001873D0 /* AddressBookTests.m */ = {isa = PBXFileReference; lastKnownFileType = sourcecode.c.objc; path = AddressBookTests.m; sourceTree = "<group>"; };
		027F85E71DE3D3E5001873D0 /* Info.plist */ = {isa = PBXFileReference; lastKnownFileType = text.plist.xml; path = Info.plist; sourceTree = "<group>"; };
		027F85EC1DE3D3E5001873D0 /* AddressBookUITests.xctest */ = {isa = PBXFileReference; explicitFileType = wrapper.cfbundle; includeInIndex = 0; path = AddressBookUITests.xctest; sourceTree = BUILT_PRODUCTS_DIR; };
		027F85F01DE3D3E5001873D0 /* AddressBookUITests.m */ = {isa = PBXFileReference; lastKnownFileType = sourcecode.c.objc; path = AddressBookUITests.m; sourceTree = "<group>"; };
		027F85F21DE3D3E5001873D0 /* Info.plist */ = {isa = PBXFileReference; lastKnownFileType = text.plist.xml; path = Info.plist; sourceTree = "<group>"; };
/* End PBXFileReference section */

/* Begin PBXFrameworksBuildPhase section */
		027F85C51DE3D3E5001873D0 /* Frameworks */ = {
			isa = PBXFrameworksBuildPhase;
			buildActionMask = 2147483647;
			files = (
			);
			runOnlyForDeploymentPostprocessing = 0;
		};
		027F85DE1DE3D3E5001873D0 /* Frameworks */ = {
			isa = PBXFrameworksBuildPhase;
			buildActionMask = 2147483647;
			files = (
			);
			runOnlyForDeploymentPostprocessing = 0;
		};
		027F85E91DE3D3E5001873D0 /* Frameworks */ = {
			isa = PBXFrameworksBuildPhase;
			buildActionMask = 2147483647;
			files = (
			);
			runOnlyForDeploymentPostprocessing = 0;
		};
/* End PBXFrameworksBuildPhase section */

/* Begin PBXGroup section */
		027F85BF1DE3D3E4001873D0 = {
			isa = PBXGroup;
			children = (
				027F85CA1DE3D3E5001873D0 /* AddressBook */,
				027F85E41DE3D3E5001873D0 /* AddressBookTests */,
				027F85EF1DE3D3E5001873D0 /* AddressBookUITests */,
				027F85C91DE3D3E5001873D0 /* Products */,
			);
			sourceTree = "<group>";
		};
		027F85C91DE3D3E5001873D0 /* Products */ = {
			isa = PBXGroup;
			children = (
				027F85C81DE3D3E5001873D0 /* AddressBook.app */,
				027F85E11DE3D3E5001873D0 /* AddressBookTests.xctest */,
				027F85EC1DE3D3E5001873D0 /* AddressBookUITests.xctest */,
			);
			name = Products;
			sourceTree = "<group>";
		};
		027F85CA1DE3D3E5001873D0 /* AddressBook */ = {
			isa = PBXGroup;
			children = (
				027F85CE1DE3D3E5001873D0 /* AppDelegate.h */,
				027F85CF1DE3D3E5001873D0 /* AppDelegate.m */,
				027F85D11DE3D3E5001873D0 /* ViewController.h */,
				027F85D21DE3D3E5001873D0 /* ViewController.m */,
				027F85D41DE3D3E5001873D0 /* Main.storyboard */,
				027F85D71DE3D3E5001873D0 /* Assets.xcassets */,
				027F85D91DE3D3E5001873D0 /* LaunchScreen.storyboard */,
				027F85DC1DE3D3E5001873D0 /* Info.plist */,
				027F85CB1DE3D3E5001873D0 /* Supporting Files */,
			);
			path = AddressBook;
			sourceTree = "<group>";
		};
		027F85CB1DE3D3E5001873D0 /* Supporting Files */ = {
			isa = PBXGroup;
			children = (
				027F85CC1DE3D3E5001873D0 /* main.m */,
			);
			name = "Supporting Files";
			sourceTree = "<group>";
		};
		027F85E41DE3D3E5001873D0 /* AddressBookTests */ = {
			isa = PBXGroup;
			children = (
				027F85E51DE3D3E5001873D0 /* AddressBookTests.m */,
				027F85E71DE3D3E5001873D0 /* Info.plist */,
			);
			path = AddressBookTests;
			sourceTree = "<group>";
		};
		027F85EF1DE3D3E5001873D0 /* AddressBookUITests */ = {
			isa = PBXGroup;
			children = (
				027F85F01DE3D3E5001873D0 /* AddressBookUITests.m */,
				027F85F21DE3D3E5001873D0 /* Info.plist */,
			);
			path = AddressBookUITests;
			sourceTree = "<group>";
		};
/* End PBXGroup section */

/* Begin PBXNativeTarget section */
		027F85C71DE3D3E5001873D0 /* AddressBook */ = {
			isa = PBXNativeTarget;
			buildConfigurationList = 027F85F51DE3D3E5001873D0 /* Build configuration list for PBXNativeTarget "AddressBook" */;
			buildPhases = (
				027F85C41DE3D3E5001873D0 /* Sources */,
				027F85C51DE3D3E5001873D0 /* Frameworks */,
				027F85C61DE3D3E5001873D0 /* Resources */,
			);
			buildRules = (
			);
			dependencies = (
			);
			name = AddressBook;
			productName = AddressBook;
			productReference = 027F85C81DE3D3E5001873D0 /* AddressBook.app */;
			productType = "com.apple.product-type.application";
		};
		027F85E01DE3D3E5001873D0 /* AddressBookTests */ = {
			isa = PBXNativeTarget;
			buildConfigurationList = 027F85F81DE3D3E5001873D0 /* Build configuration list for PBXNativeTarget "AddressBookTests" */;
			buildPhases = (
				027F85DD1DE3D3E5001873D0 /* Sources */,
				027F85DE1DE3D3E5001873D0 /* Frameworks */,
				027F85DF1DE3D3E5001873D0 /* Resources */,
			);
			buildRules = (
			);
			dependencies = (
				027F85E31DE3D3E5001873D0 /* PBXTargetDependency */,
			);
			name = AddressBookTests;
			productName = AddressBookTests;
			productReference = 027F85E11DE3D3E5001873D0 /* AddressBookTests.xctest */;
			productType = "com.apple.product-type.bundle.unit-test";
		};
		027F85EB1DE3D3E5001873D0 /* AddressBookUITests */ = {
			isa = PBXNativeTarget;
			buildConfigurationList = 027F85FB1DE3D3E5001873D0 /* Build configuration list for PBXNativeTarget "AddressBookUITests" */;
			buildPhases = (
				027F85E81DE3D3E5001873D0 /* Sources */,
				027F85E91DE3D3E5001873D0 /* Frameworks */,
				027F85EA1DE3D3E5001873D0 /* Resources */,
			);
			buildRules = (
			);
			dependencies = (
				027F85EE1DE3D3E5001873D0 /* PBXTargetDependency */,
			);
			name = AddressBookUITests;
			productName = AddressBookUITests;
			productReference = 027F85EC1DE3D3E5001873D0 /* AddressBookUITests.xctest */;
			productType = "com.apple.product-type.bundle.ui-testing";
		};
/* End PBXNativeTarget section */

/* Begin PBXProject section */
		027F85C01DE3D3E4001873D0 /* Project object */ = {
			isa = PBXProject;
			attributes = {
				LastUpgradeCheck = 0810;
				ORGANIZATIONNAME = "MengLong Wu";
				TargetAttributes = {
					027F85C71DE3D3E5001873D0 = {
						CreatedOnToolsVersion = 8.1;
						DevelopmentTeam = QSRYV4Z7YN;
						ProvisioningStyle = Automatic;
					};
					027F85E01DE3D3E5001873D0 = {
						CreatedOnToolsVersion = 8.1;
						DevelopmentTeam = QSRYV4Z7YN;
						ProvisioningStyle = Automatic;
						TestTargetID = 027F85C71DE3D3E5001873D0;
					};
					027F85EB1DE3D3E5001873D0 = {
						CreatedOnToolsVersion = 8.1;
						DevelopmentTeam = QSRYV4Z7YN;
						ProvisioningStyle = Automatic;
						TestTargetID = 027F85C71DE3D3E5001873D0;
					};
				};
			};
			buildConfigurationList = 027F85C31DE3D3E4001873D0 /* Build configuration list for PBXProject "AddressBook" */;
			compatibilityVersion = "Xcode 3.2";
			developmentRegion = English;
			hasScannedForEncodings = 0;
			knownRegions = (
				en,
				Base,
			);
			mainGroup = 027F85BF1DE3D3E4001873D0;
			productRefGroup = 027F85C91DE3D3E5001873D0 /* Products */;
			projectDirPath = "";
			projectRoot = "";
			targets = (
				027F85C71DE3D3E5001873D0 /* AddressBook */,
				027F85E01DE3D3E5001873D0 /* AddressBookTests */,
				027F85EB1DE3D3E5001873D0 /* AddressBookUITests */,
			);
		};
/* End PBXProject section */

/* Begin PBXResourcesBuildPhase section */
		027F85C61DE3D3E5001873D0 /* Resources */ = {
			isa = PBXResourcesBuildPhase;
			buildActionMask = 2147483647;
			files = (
				027F85DB1DE3D3E5001873D0 /* LaunchScreen.storyboard in Resources */,
				027F85D81DE3D3E5001873D0 /* Assets.xcassets in Resources */,
				027F85D61DE3D3E5001873D0 /* Main.storyboard in Resources */,
			);
			runOnlyForDeploymentPostprocessing = 0;
		};
		027F85DF1DE3D3E5001873D0 /* Resources */ = {
			isa = PBXResourcesBuildPhase;
			buildActionMask = 2147483647;
			files = (
			);
			runOnlyForDeploymentPostprocessing = 0;
		};
		027F85EA1DE3D3E5001873D0 /* Resources */ = {
			isa = PBXResourcesBuildPhase;
			buildActionMask = 2147483647;
			files = (
			);
			runOnlyForDeploymentPostprocessing = 0;
		};
/* End PBXResourcesBuildPhase section */

/* Begin PBXSourcesBuildPhase section */
		027F85C41DE3D3E5001873D0 /* Sources */ = {
			isa = PBXSourcesBuildPhase;
			buildActionMask = 2147483647;
			files = (
				027F85D31DE3D3E5001873D0 /* ViewController.m in Sources */,
				027F85D01DE3D3E5001873D0 /* AppDelegate.m in Sources */,
				027F85CD1DE3D3E5001873D0 /* main.m in Sources */,
			);
			runOnlyForDeploymentPostprocessing = 0;
		};
		027F85DD1DE3D3E5001873D0 /* Sources */ = {
			isa = PBXSourcesBuildPhase;
			buildActionMask = 2147483647;
			files = (
				027F85E61DE3D3E5001873D0 /* AddressBookTests.m in Sources */,
			);
			runOnlyForDeploymentPostprocessing = 0;
		};
		027F85E81DE3D3E5001873D0 /* Sources */ = {
			isa = PBXSourcesBuildPhase;
			buildActionMask = 2147483647;
			files = (
				027F85F11DE3D3E5001873D0 /* AddressBookUITests.m in Sources */,
			);
			runOnlyForDeploymentPostprocessing = 0;
		};
/* End PBXSourcesBuildPhase section */

/* Begin PBXTargetDependency section */
		027F85E31DE3D3E5001873D0 /* PBXTargetDependency */ = {
			isa = PBXTargetDependency;
			target = 027F85C71DE3D3E5001873D0 /* AddressBook */;
			targetProxy = 027F85E21DE3D3E5001873D0 /* PBXContainerItemProxy */;
		};
		027F85EE1DE3D3E5001873D0 /* PBXTargetDependency */ = {
			isa = PBXTargetDependency;
			target = 027F85C71DE3D3E5001873D0 /* AddressBook */;
			targetProxy = 027F85ED1DE3D3E5001873D0 /* PBXContainerItemProxy */;
		};
/* End PBXTargetDependency section */

/* Begin PBXVariantGroup section */
		027F85D41DE3D3E5001873D0 /* Main.storyboard */ = {
			isa = PBXVariantGroup;
			children = (
				027F85D51DE3D3E5001873D0 /* Base */,
			);
			name = Main.storyboard;
			sourceTree = "<group>";
		};
		027F85D91DE3D3E5001873D0 /* LaunchScreen.storyboard */ = {
			isa = PBXVariantGroup;
			children = (
				027F85DA1DE3D3E5001873D0 /* Base */,
			);
			name = LaunchScreen.storyboard;
			sourceTree = "<group>";
		};
/* End PBXVariantGroup section */

/* Begin XCBuildConfiguration section */
		027F85F31DE3D3E5001873D0 /* Debug */ = {
			isa = XCBuildConfiguration;
			buildSettings = {
				ALWAYS_SEARCH_USER_PATHS = NO;
				CLANG_ANALYZER_NONNULL = YES;
				CLANG_CXX_LANGUAGE_STANDARD = "gnu++0x";
				CLANG_CXX_LIBRARY = "libc++";
				CLANG_ENABLE_MODULES = YES;
				CLANG_ENABLE_OBJC_ARC = YES;
				CLANG_WARN_BOOL_CONVERSION = YES;
				CLANG_WARN_CONSTANT_CONVERSION = YES;
				CLANG_WARN_DIRECT_OBJC_ISA_USAGE = YES_ERROR;
				CLANG_WARN_DOCUMENTATION_COMMENTS = YES;
				CLANG_WARN_EMPTY_BODY = YES;
				CLANG_WARN_ENUM_CONVERSION = YES;
				CLANG_WARN_INFINITE_RECURSION = YES;
				CLANG_WARN_INT_CONVERSION = YES;
				CLANG_WARN_OBJC_ROOT_CLASS = YES_ERROR;
				CLANG_WARN_SUSPICIOUS_MOVES = YES;
				CLANG_WARN_UNREACHABLE_CODE = YES;
				CLANG_WARN__DUPLICATE_METHOD_MATCH = YES;
				"CODE_SIGN_IDENTITY[sdk=iphoneos*]" = "iPhone Developer";
				COPY_PHASE_STRIP = NO;
				DEBUG_INFORMATION_FORMAT = dwarf;
				ENABLE_STRICT_OBJC_MSGSEND = YES;
				ENABLE_TESTABILITY = YES;
				GCC_C_LANGUAGE_STANDARD = gnu99;
				GCC_DYNAMIC_NO_PIC = NO;
				GCC_NO_COMMON_BLOCKS = YES;
				GCC_OPTIMIZATION_LEVEL = 0;
				GCC_PREPROCESSOR_DEFINITIONS = (
					"DEBUG=1",
					"$(inherited)",
				);
				GCC_WARN_64_TO_32_BIT_CONVERSION = YES;
				GCC_WARN_ABOUT_RETURN_TYPE = YES_ERROR;
				GCC_WARN_UNDECLARED_SELECTOR = YES;
				GCC_WARN_UNINITIALIZED_AUTOS = YES_AGGRESSIVE;
				GCC_WARN_UNUSED_FUNCTION = YES;
				GCC_WARN_UNUSED_VARIABLE = YES;
				IPHONEOS_DEPLOYMENT_TARGET = 10.1;
				MTL_ENABLE_DEBUG_INFO = YES;
				ONLY_ACTIVE_ARCH = YES;
				SDKROOT = iphoneos;
			};
			name = Debug;
		};
		027F85F41DE3D3E5001873D0 /* Release */ = {
			isa = XCBuildConfiguration;
			buildSettings = {
				ALWAYS_SEARCH_USER_PATHS = NO;
				CLANG_ANALYZER_NONNULL = YES;
				CLANG_CXX_LANGUAGE_STANDARD = "gnu++0x";
				CLANG_CXX_LIBRARY = "libc++";
				CLANG_ENABLE_MODULES = YES;
				CLANG_ENABLE_OBJC_ARC = YES;
				CLANG_WARN_BOOL_CONVERSION = YES;
				CLANG_WARN_CONSTANT_CONVERSION = YES;
				CLANG_WARN_DIRECT_OBJC_ISA_USAGE = YES_ERROR;
				CLANG_WARN_DOCUMENTATION_COMMENTS = YES;
				CLANG_WARN_EMPTY_BODY = YES;
				CLANG_WARN_ENUM_CONVERSION = YES;
				CLANG_WARN_INFINITE_RECURSION = YES;
				CLANG_WARN_INT_CONVERSION = YES;
				CLANG_WARN_OBJC_ROOT_CLASS = YES_ERROR;
				CLANG_WARN_SUSPICIOUS_MOVES = YES;
				CLANG_WARN_UNREACHABLE_CODE = YES;
				CLANG_WARN__DUPLICATE_METHOD_MATCH = YES;
				"CODE_SIGN_IDENTITY[sdk=iphoneos*]" = "iPhone Developer";
				COPY_PHASE_STRIP = NO;
				DEBUG_INFORMATION_FORMAT = "dwarf-with-dsym";
				ENABLE_NS_ASSERTIONS = NO;
				ENABLE_STRICT_OBJC_MSGSEND = YES;
				GCC_C_LANGUAGE_STANDARD = gnu99;
				GCC_NO_COMMON_BLOCKS = YES;
				GCC_WARN_64_TO_32_BIT_CONVERSION = YES;
				GCC_WARN_ABOUT_RETURN_TYPE = YES_ERROR;
				GCC_WARN_UNDECLARED_SELECTOR = YES;
				GCC_WARN_UNINITIALIZED_AUTOS = YES_AGGRESSIVE;
				GCC_WARN_UNUSED_FUNCTION = YES;
				GCC_WARN_UNUSED_VARIABLE = YES;
				IPHONEOS_DEPLOYMENT_TARGET = 10.1;
				MTL_ENABLE_DEBUG_INFO = NO;
				SDKROOT = iphoneos;
				VALIDATE_PRODUCT = YES;
			};
			name = Release;
		};
		027F85F61DE3D3E5001873D0 /* Debug */ = {
			isa = XCBuildConfiguration;
			buildSettings = {
				ASSETCATALOG_COMPILER_APPICON_NAME = AppIcon;
				DEVELOPMENT_TEAM = QSRYV4Z7YN;
				INFOPLIST_FILE = AddressBook/Info.plist;
				LD_RUNPATH_SEARCH_PATHS = "$(inherited) @executable_path/Frameworks";
				PRODUCT_BUNDLE_IDENTIFIER = com.zhiyou100.AddressBook;
				PRODUCT_NAME = "$(TARGET_NAME)";
			};
			name = Debug;
		};
		027F85F71DE3D3E5001873D0 /* Release */ = {
			isa = XCBuildConfiguration;
			buildSettings = {
				ASSETCATALOG_COMPILER_APPICON_NAME = AppIcon;
				DEVELOPMENT_TEAM = QSRYV4Z7YN;
				INFOPLIST_FILE = AddressBook/Info.plist;
				LD_RUNPATH_SEARCH_PATHS = "$(inherited) @executable_path/Frameworks";
				PRODUCT_BUNDLE_IDENTIFIER = com.zhiyou100.AddressBook;
				PRODUCT_NAME = "$(TARGET_NAME)";
			};
			name = Release;
		};
		027F85F91DE3D3E5001873D0 /* Debug */ = {
			isa = XCBuildConfiguration;
			buildSettings = {
				BUNDLE_LOADER = "$(TEST_HOST)";
				DEVELOPMENT_TEAM = QSRYV4Z7YN;
				INFOPLIST_FILE = AddressBookTests/Info.plist;
				LD_RUNPATH_SEARCH_PATHS = "$(inherited) @executable_path/Frameworks @loader_path/Frameworks";
				PRODUCT_BUNDLE_IDENTIFIER = com.zhiyou100.AddressBookTests;
				PRODUCT_NAME = "$(TARGET_NAME)";
				TEST_HOST = "$(BUILT_PRODUCTS_DIR)/AddressBook.app/AddressBook";
			};
			name = Debug;
		};
		027F85FA1DE3D3E5001873D0 /* Release */ = {
			isa = XCBuildConfiguration;
			buildSettings = {
				BUNDLE_LOADER = "$(TEST_HOST)";
				DEVELOPMENT_TEAM = QSRYV4Z7YN;
				INFOPLIST_FILE = AddressBookTests/Info.plist;
				LD_RUNPATH_SEARCH_PATHS = "$(inherited) @executable_path/Frameworks @loader_path/Frameworks";
				PRODUCT_BUNDLE_IDENTIFIER = com.zhiyou100.AddressBookTests;
				PRODUCT_NAME = "$(TARGET_NAME)";
				TEST_HOST = "$(BUILT_PRODUCTS_DIR)/AddressBook.app/AddressBook";
			};
			name = Release;
		};
		027F85FC1DE3D3E5001873D0 /* Debug */ = {
			isa = XCBuildConfiguration;
			buildSettings = {
				DEVELOPMENT_TEAM = QSRYV4Z7YN;
				INFOPLIST_FILE = AddressBookUITests/Info.plist;
				LD_RUNPATH_SEARCH_PATHS = "$(inherited) @executable_path/Frameworks @loader_path/Frameworks";
				PRODUCT_BUNDLE_IDENTIFIER = com.zhiyou100.AddressBookUITests;
				PRODUCT_NAME = "$(TARGET_NAME)";
				TEST_TARGET_NAME = AddressBook;
			};
			name = Debug;
		};
		027F85FD1DE3D3E5001873D0 /* Release */ = {
			isa = XCBuildConfiguration;
			buildSettings = {
				DEVELOPMENT_TEAM = QSRYV4Z7YN;
				INFOPLIST_FILE = AddressBookUITests/Info.plist;
				LD_RUNPATH_SEARCH_PATHS = "$(inherited) @executable_path/Frameworks @loader_path/Frameworks";
				PRODUCT_BUNDLE_IDENTIFIER = com.zhiyou100.AddressBookUITests;
				PRODUCT_NAME = "$(TARGET_NAME)";
				TEST_TARGET_NAME = AddressBook;
			};
			name = Release;
		};
/* End XCBuildConfiguration section */

/* Begin XCConfigurationList section */
		027F85C31DE3D3E4001873D0 /* Build configuration list for PBXProject "AddressBook" */ = {
			isa = XCConfigurationList;
			buildConfigurations = (
				027F85F31DE3D3E5001873D0 /* Debug */,
				027F85F41DE3D3E5001873D0 /* Release */,
			);
			defaultConfigurationIsVisible = 0;
			defaultConfigurationName = Release;
		};
		027F85F51DE3D3E5001873D0 /* Build configuration list for PBXNativeTarget "AddressBook" */ = {
			isa = XCConfigurationList;
			buildConfigurations = (
				027F85F61DE3D3E5001873D0 /* Debug */,
				027F85F71DE3D3E5001873D0 /* Release */,
			);
			defaultConfigurationIsVisible = 0;
		};
		027F85F81DE3D3E5001873D0 /* Build configuration list for PBXNativeTarget "AddressBookTests" */ = {
			isa = XCConfigurationList;
			buildConfigurations = (
				027F85F91DE3D3E5001873D0 /* Debug */,
				027F85FA1DE3D3E5001873D0 /* Release */,
			);
			defaultConfigurationIsVisible = 0;
		};
		027F85FB1DE3D3E5001873D0 /* Build configuration list for PBXNativeTarget "AddressBookUITests" */ = {
			isa = XCConfigurationList;
			buildConfigurations = (
				027F85FC1DE3D3E5001873D0 /* Debug */,
				027F85FD1DE3D3E5001873D0 /* Release */,
			);
			defaultConfigurationIsVisible = 0;
		};
/* End XCConfigurationList section */
	};
	rootObject = 027F85C01DE3D3E4001873D0 /* Project object */;
}
